// !$*UTF8*$!
{
	archiveVersion = 1;
	classes = {
	};
	objectVersion = 55;
	objects = {

/* Begin PBXBuildFile section */
		F123823327D697A0006AE436 /* MovieTableViewCell.swift in Sources */ = {isa = PBXBuildFile; fileRef = F123823227D697A0006AE436 /* MovieTableViewCell.swift */; };
		F123823727D91029006AE436 /* Movie.swift in Sources */ = {isa = PBXBuildFile; fileRef = F123823627D91029006AE436 /* Movie.swift */; };
		F123823927D9103D006AE436 /* Genre.swift in Sources */ = {isa = PBXBuildFile; fileRef = F123823827D9103D006AE436 /* Genre.swift */; };
		F123823B27D9106A006AE436 /* MovieDBParser.swift in Sources */ = {isa = PBXBuildFile; fileRef = F123823A27D9106A006AE436 /* MovieDBParser.swift */; };
		F123823D27D91096006AE436 /* MovieDBAPI.swift in Sources */ = {isa = PBXBuildFile; fileRef = F123823C27D91096006AE436 /* MovieDBAPI.swift */; };
		F132A4DB27D669A300862DF1 /* AppDelegate.swift in Sources */ = {isa = PBXBuildFile; fileRef = F132A4DA27D669A300862DF1 /* AppDelegate.swift */; };
		F132A4DD27D669A300862DF1 /* SceneDelegate.swift in Sources */ = {isa = PBXBuildFile; fileRef = F132A4DC27D669A300862DF1 /* SceneDelegate.swift */; };
		F132A4E227D669A300862DF1 /* MainPage.storyboard in Resources */ = {isa = PBXBuildFile; fileRef = F132A4E027D669A300862DF1 /* MainPage.storyboard */; };
		F132A4E427D669A400862DF1 /* Assets.xcassets in Resources */ = {isa = PBXBuildFile; fileRef = F132A4E327D669A400862DF1 /* Assets.xcassets */; };
		F132A4E727D669A400862DF1 /* LaunchScreen.storyboard in Resources */ = {isa = PBXBuildFile; fileRef = F132A4E527D669A400862DF1 /* LaunchScreen.storyboard */; };
		F132A4EF27D66ABF00862DF1 /* MovieDBService.swift in Sources */ = {isa = PBXBuildFile; fileRef = F132A4EE27D66ABF00862DF1 /* MovieDBService.swift */; };
		F132A4F327D66B5000862DF1 /* MainCoordinator.swift in Sources */ = {isa = PBXBuildFile; fileRef = F132A4F227D66B5000862DF1 /* MainCoordinator.swift */; };
		F132A4F627D66BA000862DF1 /* Coordinator.swift in Sources */ = {isa = PBXBuildFile; fileRef = F132A4F527D66BA000862DF1 /* Coordinator.swift */; };
		F132A4F827D66D4B00862DF1 /* MainPageViewController.swift in Sources */ = {isa = PBXBuildFile; fileRef = F132A4F727D66D4B00862DF1 /* MainPageViewController.swift */; };
		F132A4FA27D66DAC00862DF1 /* MovieDetailViewController.swift in Sources */ = {isa = PBXBuildFile; fileRef = F132A4F927D66DAC00862DF1 /* MovieDetailViewController.swift */; };
		F132A4FE27D66EA300862DF1 /* Storyboarded.swift in Sources */ = {isa = PBXBuildFile; fileRef = F132A4FD27D66EA300862DF1 /* Storyboarded.swift */; };
		F132A50027D66ED100862DF1 /* MovieDetail.storyboard in Resources */ = {isa = PBXBuildFile; fileRef = F132A4FF27D66ED100862DF1 /* MovieDetail.storyboard */; };
/* End PBXBuildFile section */

/* Begin PBXFileReference section */
		F123823227D697A0006AE436 /* MovieTableViewCell.swift */ = {isa = PBXFileReference; lastKnownFileType = sourcecode.swift; path = MovieTableViewCell.swift; sourceTree = "<group>"; };
		F123823627D91029006AE436 /* Movie.swift */ = {isa = PBXFileReference; lastKnownFileType = sourcecode.swift; path = Movie.swift; sourceTree = "<group>"; };
		F123823827D9103D006AE436 /* Genre.swift */ = {isa = PBXFileReference; lastKnownFileType = sourcecode.swift; path = Genre.swift; sourceTree = "<group>"; };
		F123823A27D9106A006AE436 /* MovieDBParser.swift */ = {isa = PBXFileReference; lastKnownFileType = sourcecode.swift; path = MovieDBParser.swift; sourceTree = "<group>"; };
		F123823C27D91096006AE436 /* MovieDBAPI.swift */ = {isa = PBXFileReference; lastKnownFileType = sourcecode.swift; path = MovieDBAPI.swift; sourceTree = "<group>"; };
		F132A4D727D669A300862DF1 /* MovieDB with Coordinator.app */ = {isa = PBXFileReference; explicitFileType = wrapper.application; includeInIndex = 0; path = "MovieDB with Coordinator.app"; sourceTree = BUILT_PRODUCTS_DIR; };
		F132A4DA27D669A300862DF1 /* AppDelegate.swift */ = {isa = PBXFileReference; lastKnownFileType = sourcecode.swift; path = AppDelegate.swift; sourceTree = "<group>"; };
		F132A4DC27D669A300862DF1 /* SceneDelegate.swift */ = {isa = PBXFileReference; lastKnownFileType = sourcecode.swift; path = SceneDelegate.swift; sourceTree = "<group>"; };
		F132A4E127D669A300862DF1 /* Base */ = {isa = PBXFileReference; lastKnownFileType = file.storyboard; name = Base; path = Base.lproj/MainPage.storyboard; sourceTree = "<group>"; };
		F132A4E327D669A400862DF1 /* Assets.xcassets */ = {isa = PBXFileReference; lastKnownFileType = folder.assetcatalog; path = Assets.xcassets; sourceTree = "<group>"; };
		F132A4E627D669A400862DF1 /* Base */ = {isa = PBXFileReference; lastKnownFileType = file.storyboard; name = Base; path = Base.lproj/LaunchScreen.storyboard; sourceTree = "<group>"; };
		F132A4E827D669A400862DF1 /* Info.plist */ = {isa = PBXFileReference; lastKnownFileType = text.plist.xml; name = Info.plist; path = "MovieDB with Coordinator/Supporting Files/Info.plist"; sourceTree = SOURCE_ROOT; };
		F132A4EE27D66ABF00862DF1 /* MovieDBService.swift */ = {isa = PBXFileReference; lastKnownFileType = sourcecode.swift; path = MovieDBService.swift; sourceTree = "<group>"; };
		F132A4F227D66B5000862DF1 /* MainCoordinator.swift */ = {isa = PBXFileReference; lastKnownFileType = sourcecode.swift; path = MainCoordinator.swift; sourceTree = "<group>"; };
		F132A4F527D66BA000862DF1 /* Coordinator.swift */ = {isa = PBXFileReference; lastKnownFileType = sourcecode.swift; path = Coordinator.swift; sourceTree = "<group>"; };
		F132A4F727D66D4B00862DF1 /* MainPageViewController.swift */ = {isa = PBXFileReference; lastKnownFileType = sourcecode.swift; path = MainPageViewController.swift; sourceTree = "<group>"; };
		F132A4F927D66DAC00862DF1 /* MovieDetailViewController.swift */ = {isa = PBXFileReference; lastKnownFileType = sourcecode.swift; path = MovieDetailViewController.swift; sourceTree = "<group>"; };
		F132A4FD27D66EA300862DF1 /* Storyboarded.swift */ = {isa = PBXFileReference; lastKnownFileType = sourcecode.swift; path = Storyboarded.swift; sourceTree = "<group>"; };
		F132A4FF27D66ED100862DF1 /* MovieDetail.storyboard */ = {isa = PBXFileReference; lastKnownFileType = file.storyboard; path = MovieDetail.storyboard; sourceTree = "<group>"; };
/* End PBXFileReference section */

/* Begin PBXFrameworksBuildPhase section */
		F132A4D427D669A300862DF1 /* Frameworks */ = {
			isa = PBXFrameworksBuildPhase;
			buildActionMask = 2147483647;
			files = (
			);
			runOnlyForDeploymentPostprocessing = 0;
		};
/* End PBXFrameworksBuildPhase section */

/* Begin PBXGroup section */
		F123823E27D910C1006AE436 /* Cells */ = {
			isa = PBXGroup;
			children = (
				F123823227D697A0006AE436 /* MovieTableViewCell.swift */,
			);
			path = Cells;
			sourceTree = "<group>";
		};
		F123823F27D910DA006AE436 /* Resources */ = {
			isa = PBXGroup;
			children = (
				F132A4E027D669A300862DF1 /* MainPage.storyboard */,
				F132A4FF27D66ED100862DF1 /* MovieDetail.storyboard */,
				F132A4E527D669A400862DF1 /* LaunchScreen.storyboard */,
				F132A4E327D669A400862DF1 /* Assets.xcassets */,
			);
			path = Resources;
			sourceTree = "<group>";
		};
		F123824027D91105006AE436 /* Supporting Files */ = {
			isa = PBXGroup;
			children = (
				F132A4E827D669A400862DF1 /* Info.plist */,
			);
			path = "Supporting Files";
			sourceTree = "<group>";
		};
		F132A4CE27D669A300862DF1 = {
			isa = PBXGroup;
			children = (
				F132A4D927D669A300862DF1 /* MovieDB with Coordinator */,
				F132A4D827D669A300862DF1 /* Products */,
			);
			sourceTree = "<group>";
		};
		F132A4D827D669A300862DF1 /* Products */ = {
			isa = PBXGroup;
			children = (
				F132A4D727D669A300862DF1 /* MovieDB with Coordinator.app */,
			);
			name = Products;
			sourceTree = "<group>";
		};
		F132A4D927D669A300862DF1 /* MovieDB with Coordinator */ = {
			isa = PBXGroup;
			children = (
				F132A4DA27D669A300862DF1 /* AppDelegate.swift */,
				F132A4DC27D669A300862DF1 /* SceneDelegate.swift */,
				F132A50127D686C900862DF1 /* Model */,
				F132A4FC27D66DEE00862DF1 /* View */,
				F132A4FB27D66DBF00862DF1 /* Controllers */,
				F132A4F427D66B5500862DF1 /* Coordinators */,
				F123823F27D910DA006AE436 /* Resources */,
				F123824027D91105006AE436 /* Supporting Files */,
			);
			path = "MovieDB with Coordinator";
			sourceTree = "<group>";
		};
		F132A4F427D66B5500862DF1 /* Coordinators */ = {
			isa = PBXGroup;
			children = (
				F132A4F227D66B5000862DF1 /* MainCoordinator.swift */,
				F132A4FD27D66EA300862DF1 /* Storyboarded.swift */,
				F132A4F527D66BA000862DF1 /* Coordinator.swift */,
			);
			path = Coordinators;
			sourceTree = "<group>";
		};
		F132A4FB27D66DBF00862DF1 /* Controllers */ = {
			isa = PBXGroup;
			children = (
				F132A4F727D66D4B00862DF1 /* MainPageViewController.swift */,
				F132A4F927D66DAC00862DF1 /* MovieDetailViewController.swift */,
			);
			path = Controllers;
			sourceTree = "<group>";
		};
		F132A4FC27D66DEE00862DF1 /* View */ = {
			isa = PBXGroup;
			children = (
				F123823E27D910C1006AE436 /* Cells */,
			);
			path = View;
			sourceTree = "<group>";
		};
		F132A50127D686C900862DF1 /* Model */ = {
			isa = PBXGroup;
			children = (
				F132A4EE27D66ABF00862DF1 /* MovieDBService.swift */,
				F123823C27D91096006AE436 /* MovieDBAPI.swift */,
				F123823A27D9106A006AE436 /* MovieDBParser.swift */,
				F123823627D91029006AE436 /* Movie.swift */,
				F123823827D9103D006AE436 /* Genre.swift */,
			);
			path = Model;
			sourceTree = "<group>";
		};
/* End PBXGroup section */

/* Begin PBXNativeTarget section */
		F132A4D627D669A300862DF1 /* MovieDB with Coordinator */ = {
			isa = PBXNativeTarget;
			buildConfigurationList = F132A4EB27D669A400862DF1 /* Build configuration list for PBXNativeTarget "MovieDB with Coordinator" */;
			buildPhases = (
				F132A4D327D669A300862DF1 /* Sources */,
				F132A4D427D669A300862DF1 /* Frameworks */,
				F132A4D527D669A300862DF1 /* Resources */,
			);
			buildRules = (
			);
			dependencies = (
			);
			name = "MovieDB with Coordinator";
			productName = "MovieDB with Coordinator";
			productReference = F132A4D727D669A300862DF1 /* MovieDB with Coordinator.app */;
			productType = "com.apple.product-type.application";
		};
/* End PBXNativeTarget section */

/* Begin PBXProject section */
		F132A4CF27D669A300862DF1 /* Project object */ = {
			isa = PBXProject;
			attributes = {
				BuildIndependentTargetsInParallel = 1;
				LastSwiftUpdateCheck = 1320;
				LastUpgradeCheck = 1320;
				TargetAttributes = {
					F132A4D627D669A300862DF1 = {
						CreatedOnToolsVersion = 13.2.1;
					};
				};
			};
			buildConfigurationList = F132A4D227D669A300862DF1 /* Build configuration list for PBXProject "MovieDB with Coordinator" */;
			compatibilityVersion = "Xcode 13.0";
			developmentRegion = en;
			hasScannedForEncodings = 0;
			knownRegions = (
				en,
				Base,
			);
			mainGroup = F132A4CE27D669A300862DF1;
			productRefGroup = F132A4D827D669A300862DF1 /* Products */;
			projectDirPath = "";
			projectRoot = "";
			targets = (
				F132A4D627D669A300862DF1 /* MovieDB with Coordinator */,
			);
		};
/* End PBXProject section */

/* Begin PBXResourcesBuildPhase section */
		F132A4D527D669A300862DF1 /* Resources */ = {
			isa = PBXResourcesBuildPhase;
			buildActionMask = 2147483647;
			files = (
				F132A50027D66ED100862DF1 /* MovieDetail.storyboard in Resources */,
				F132A4E727D669A400862DF1 /* LaunchScreen.storyboard in Resources */,
				F132A4E427D669A400862DF1 /* Assets.xcassets in Resources */,
				F132A4E227D669A300862DF1 /* MainPage.storyboard in Resources */,
			);
			runOnlyForDeploymentPostprocessing = 0;
		};
/* End PBXResourcesBuildPhase section */

/* Begin PBXSourcesBuildPhase section */
		F132A4D327D669A300862DF1 /* Sources */ = {
			isa = PBXSourcesBuildPhase;
			buildActionMask = 2147483647;
			files = (
				F123823327D697A0006AE436 /* MovieTableViewCell.swift in Sources */,
				F132A4F827D66D4B00862DF1 /* MainPageViewController.swift in Sources */,
				F132A4F327D66B5000862DF1 /* MainCoordinator.swift in Sources */,
				F123823927D9103D006AE436 /* Genre.swift in Sources */,
				F123823D27D91096006AE436 /* MovieDBAPI.swift in Sources */,
				F132A4DB27D669A300862DF1 /* AppDelegate.swift in Sources */,
				F132A4DD27D669A300862DF1 /* SceneDelegate.swift in Sources */,
				F132A4EF27D66ABF00862DF1 /* MovieDBService.swift in Sources */,
				F132A4FE27D66EA300862DF1 /* Storyboarded.swift in Sources */,
				F132A4FA27D66DAC00862DF1 /* MovieDetailViewController.swift in Sources */,
				F123823B27D9106A006AE436 /* MovieDBParser.swift in Sources */,
				F123823727D91029006AE436 /* Movie.swift in Sources */,
				F132A4F627D66BA000862DF1 /* Coordinator.swift in Sources */,
			);
			runOnlyForDeploymentPostprocessing = 0;
		};
/* End PBXSourcesBuildPhase section */

/* Begin PBXVariantGroup section */
		F132A4E027D669A300862DF1 /* MainPage.storyboard */ = {
			isa = PBXVariantGroup;
			children = (
				F132A4E127D669A300862DF1 /* Base */,
			);
			name = MainPage.storyboard;
			sourceTree = "<group>";
		};
		F132A4E527D669A400862DF1 /* LaunchScreen.storyboard */ = {
			isa = PBXVariantGroup;
			children = (
				F132A4E627D669A400862DF1 /* Base */,
			);
			name = LaunchScreen.storyboard;
			sourceTree = "<group>";
		};
/* End PBXVariantGroup section */

/* Begin XCBuildConfiguration section */
		F132A4E927D669A400862DF1 /* Debug */ = {
			isa = XCBuildConfiguration;
			buildSettings = {
				ALWAYS_SEARCH_USER_PATHS = NO;
				CLANG_ANALYZER_NONNULL = YES;
				CLANG_ANALYZER_NUMBER_OBJECT_CONVERSION = YES_AGGRESSIVE;
				CLANG_CXX_LANGUAGE_STANDARD = "gnu++17";
				CLANG_CXX_LIBRARY = "libc++";
				CLANG_ENABLE_MODULES = YES;
				CLANG_ENABLE_OBJC_ARC = YES;
				CLANG_ENABLE_OBJC_WEAK = YES;
				CLANG_WARN_BLOCK_CAPTURE_AUTORELEASING = YES;
				CLANG_WARN_BOOL_CONVERSION = YES;
				CLANG_WARN_COMMA = YES;
				CLANG_WARN_CONSTANT_CONVERSION = YES;
				CLANG_WARN_DEPRECATED_OBJC_IMPLEMENTATIONS = YES;
				CLANG_WARN_DIRECT_OBJC_ISA_USAGE = YES_ERROR;
				CLANG_WARN_DOCUMENTATION_COMMENTS = YES;
				CLANG_WARN_EMPTY_BODY = YES;
				CLANG_WARN_ENUM_CONVERSION = YES;
				CLANG_WARN_INFINITE_RECURSION = YES;
				CLANG_WARN_INT_CONVERSION = YES;
				CLANG_WARN_NON_LITERAL_NULL_CONVERSION = YES;
				CLANG_WARN_OBJC_IMPLICIT_RETAIN_SELF = YES;
				CLANG_WARN_OBJC_LITERAL_CONVERSION = YES;
				CLANG_WARN_OBJC_ROOT_CLASS = YES_ERROR;
				CLANG_WARN_QUOTED_INCLUDE_IN_FRAMEWORK_HEADER = YES;
				CLANG_WARN_RANGE_LOOP_ANALYSIS = YES;
				CLANG_WARN_STRICT_PROTOTYPES = YES;
				CLANG_WARN_SUSPICIOUS_MOVE = YES;
				CLANG_WARN_UNGUARDED_AVAILABILITY = YES_AGGRESSIVE;
				CLANG_WARN_UNREACHABLE_CODE = YES;
				CLANG_WARN__DUPLICATE_METHOD_MATCH = YES;
				COPY_PHASE_STRIP = NO;
				DEBUG_INFORMATION_FORMAT = dwarf;
				ENABLE_STRICT_OBJC_MSGSEND = YES;
				ENABLE_TESTABILITY = YES;
				GCC_C_LANGUAGE_STANDARD = gnu11;
				GCC_DYNAMIC_NO_PIC = NO;
				GCC_NO_COMMON_BLOCKS = YES;
				GCC_OPTIMIZATION_LEVEL = 0;
				GCC_PREPROCESSOR_DEFINITIONS = (
					"DEBUG=1",
					"$(inherited)",
				);
				GCC_WARN_64_TO_32_BIT_CONVERSION = YES;
				GCC_WARN_ABOUT_RETURN_TYPE = YES_ERROR;
				GCC_WARN_UNDECLARED_SELECTOR = YES;
				GCC_WARN_UNINITIALIZED_AUTOS = YES_AGGRESSIVE;
				GCC_WARN_UNUSED_FUNCTION = YES;
				GCC_WARN_UNUSED_VARIABLE = YES;
				IPHONEOS_DEPLOYMENT_TARGET = 13.0;
				MTL_ENABLE_DEBUG_INFO = INCLUDE_SOURCE;
				MTL_FAST_MATH = YES;
				ONLY_ACTIVE_ARCH = YES;
				SDKROOT = iphoneos;
				SWIFT_ACTIVE_COMPILATION_CONDITIONS = DEBUG;
				SWIFT_OPTIMIZATION_LEVEL = "-Onone";
			};
			name = Debug;
		};
		F132A4EA27D669A400862DF1 /* Release */ = {
			isa = XCBuildConfiguration;
			buildSettings = {
				ALWAYS_SEARCH_USER_PATHS = NO;
				CLANG_ANALYZER_NONNULL = YES;
				CLANG_ANALYZER_NUMBER_OBJECT_CONVERSION = YES_AGGRESSIVE;
				CLANG_CXX_LANGUAGE_STANDARD = "gnu++17";
				CLANG_CXX_LIBRARY = "libc++";
				CLANG_ENABLE_MODULES = YES;
				CLANG_ENABLE_OBJC_ARC = YES;
				CLANG_ENABLE_OBJC_WEAK = YES;
				CLANG_WARN_BLOCK_CAPTURE_AUTORELEASING = YES;
				CLANG_WARN_BOOL_CONVERSION = YES;
				CLANG_WARN_COMMA = YES;
				CLANG_WARN_CONSTANT_CONVERSION = YES;
				CLANG_WARN_DEPRECATED_OBJC_IMPLEMENTATIONS = YES;
				CLANG_WARN_DIRECT_OBJC_ISA_USAGE = YES_ERROR;
				CLANG_WARN_DOCUMENTATION_COMMENTS = YES;
				CLANG_WARN_EMPTY_BODY = YES;
				CLANG_WARN_ENUM_CONVERSION = YES;
				CLANG_WARN_INFINITE_RECURSION = YES;
				CLANG_WARN_INT_CONVERSION = YES;
				CLANG_WARN_NON_LITERAL_NULL_CONVERSION = YES;
				CLANG_WARN_OBJC_IMPLICIT_RETAIN_SELF = YES;
				CLANG_WARN_OBJC_LITERAL_CONVERSION = YES;
				CLANG_WARN_OBJC_ROOT_CLASS = YES_ERROR;
				CLANG_WARN_QUOTED_INCLUDE_IN_FRAMEWORK_HEADER = YES;
				CLANG_WARN_RANGE_LOOP_ANALYSIS = YES;
				CLANG_WARN_STRICT_PROTOTYPES = YES;
				CLANG_WARN_SUSPICIOUS_MOVE = YES;
				CLANG_WARN_UNGUARDED_AVAILABILITY = YES_AGGRESSIVE;
				CLANG_WARN_UNREACHABLE_CODE = YES;
				CLANG_WARN__DUPLICATE_METHOD_MATCH = YES;
				COPY_PHASE_STRIP = NO;
				DEBUG_INFORMATION_FORMAT = "dwarf-with-dsym";
				ENABLE_NS_ASSERTIONS = NO;
				ENABLE_STRICT_OBJC_MSGSEND = YES;
				GCC_C_LANGUAGE_STANDARD = gnu11;
				GCC_NO_COMMON_BLOCKS = YES;
				GCC_WARN_64_TO_32_BIT_CONVERSION = YES;
				GCC_WARN_ABOUT_RETURN_TYPE = YES_ERROR;
				GCC_WARN_UNDECLARED_SELECTOR = YES;
				GCC_WARN_UNINITIALIZED_AUTOS = YES_AGGRESSIVE;
				GCC_WARN_UNUSED_FUNCTION = YES;
				GCC_WARN_UNUSED_VARIABLE = YES;
				IPHONEOS_DEPLOYMENT_TARGET = 13.0;
				MTL_ENABLE_DEBUG_INFO = NO;
				MTL_FAST_MATH = YES;
				SDKROOT = iphoneos;
				SWIFT_COMPILATION_MODE = wholemodule;
				SWIFT_OPTIMIZATION_LEVEL = "-O";
				VALIDATE_PRODUCT = YES;
			};
			name = Release;
		};
		F132A4EC27D669A400862DF1 /* Debug */ = {
			isa = XCBuildConfiguration;
			buildSettings = {
				ASSETCATALOG_COMPILER_APPICON_NAME = AppIcon;
				ASSETCATALOG_COMPILER_GLOBAL_ACCENT_COLOR_NAME = AccentColor;
				CODE_SIGN_STYLE = Automatic;
				CURRENT_PROJECT_VERSION = 1;
				DEVELOPMENT_TEAM = TA9GQL43ZA;
				GENERATE_INFOPLIST_FILE = YES;
				INFOPLIST_FILE = "MovieDB with Coordinator/Supporting Files/Info.plist";
				INFOPLIST_KEY_UIApplicationSupportsIndirectInputEvents = YES;
				INFOPLIST_KEY_UILaunchStoryboardName = LaunchScreen;
				INFOPLIST_KEY_UISupportedInterfaceOrientations_iPad = "UIInterfaceOrientationPortrait UIInterfaceOrientationPortraitUpsideDown UIInterfaceOrientationLandscapeLeft UIInterfaceOrientationLandscapeRight";
				INFOPLIST_KEY_UISupportedInterfaceOrientations_iPhone = "UIInterfaceOrientationPortrait UIInterfaceOrientationLandscapeLeft UIInterfaceOrientationLandscapeRight";
				IPHONEOS_DEPLOYMENT_TARGET = 13.0;
				LD_RUNPATH_SEARCH_PATHS = (
					"$(inherited)",
					"@executable_path/Frameworks",
				);
				MARKETING_VERSION = 1.0;
				PRODUCT_BUNDLE_IDENTIFIER = "com.challenge.MovieDB-with-Coordinator";
				PRODUCT_NAME = "$(TARGET_NAME)";
				SWIFT_EMIT_LOC_STRINGS = YES;
				SWIFT_VERSION = 5.0;
				TARGETED_DEVICE_FAMILY = 1;
			};
			name = Debug;
		};
		F132A4ED27D669A400862DF1 /* Release */ = {
			isa = XCBuildConfiguration;
			buildSettings = {
				ASSETCATALOG_COMPILER_APPICON_NAME = AppIcon;
				ASSETCATALOG_COMPILER_GLOBAL_ACCENT_COLOR_NAME = AccentColor;
				CODE_SIGN_STYLE = Automatic;
				CURRENT_PROJECT_VERSION = 1;
				DEVELOPMENT_TEAM = TA9GQL43ZA;
				GENERATE_INFOPLIST_FILE = YES;
				INFOPLIST_FILE = "MovieDB with Coordinator/Supporting Files/Info.plist";
				INFOPLIST_KEY_UIApplicationSupportsIndirectInputEvents = YES;
				INFOPLIST_KEY_UILaunchStoryboardName = LaunchScreen;
				INFOPLIST_KEY_UISupportedInterfaceOrientations_iPad = "UIInterfaceOrientationPortrait UIInterfaceOrientationPortraitUpsideDown UIInterfaceOrientationLandscapeLeft UIInterfaceOrientationLandscapeRight";
				INFOPLIST_KEY_UISupportedInterfaceOrientations_iPhone = "UIInterfaceOrientationPortrait UIInterfaceOrientationLandscapeLeft UIInterfaceOrientationLandscapeRight";
				IPHONEOS_DEPLOYMENT_TARGET = 13.0;
				LD_RUNPATH_SEARCH_PATHS = (
					"$(inherited)",
					"@executable_path/Frameworks",
				);
				MARKETING_VERSION = 1.0;
				PRODUCT_BUNDLE_IDENTIFIER = "com.challenge.MovieDB-with-Coordinator";
				PRODUCT_NAME = "$(TARGET_NAME)";
				SWIFT_EMIT_LOC_STRINGS = YES;
				SWIFT_VERSION = 5.0;
				TARGETED_DEVICE_FAMILY = 1;
			};
			name = Release;
		};
/* End XCBuildConfiguration section */

/* Begin XCConfigurationList section */
		F132A4D227D669A300862DF1 /* Build configuration list for PBXProject "MovieDB with Coordinator" */ = {
			isa = XCConfigurationList;
			buildConfigurations = (
				F132A4E927D669A400862DF1 /* Debug */,
				F132A4EA27D669A400862DF1 /* Release */,
			);
			defaultConfigurationIsVisible = 0;
			defaultConfigurationName = Release;
		};
		F132A4EB27D669A400862DF1 /* Build configuration list for PBXNativeTarget "MovieDB with Coordinator" */ = {
			isa = XCConfigurationList;
			buildConfigurations = (
				F132A4EC27D669A400862DF1 /* Debug */,
				F132A4ED27D669A400862DF1 /* Release */,
			);
			defaultConfigurationIsVisible = 0;
			defaultConfigurationName = Release;
		};
/* End XCConfigurationList section */
	};
	rootObject = F132A4CF27D669A300862DF1 /* Project object */;
}
